Microsoft Visual Studio Solution File, Format Version 12.00
# Visual Studio Version 17
VisualStudioVersion = 17.5.2.0
MinimumVisualStudioVersion = 10.0.40219.1
Project("{FAE04EC0-301F-11D3-BF4B-00C04F79EFBC}") = "GCodeReaderWriter", "GCodeReaderWriter.csproj", "{6E0A8350-1AB4-62C7-B4A8-82C5850D74DE}"
EndProject
Global
	GlobalSection(SolutionConfigurationPlatforms) = preSolution
		Debug|Any CPU = Debug|Any CPU
		Release|Any CPU = Release|Any CPU
	EndGlobalSection
	GlobalSection(ProjectConfigurationPlatforms) = postSolution
		{6E0A8350-1AB4-62C7-B4A8-82C5850D74DE}.Debug|Any CPU.ActiveCfg = Debug|Any CPU
		{6E0A8350-1AB4-62C7-B4A8-82C5850D74DE}.Debug|Any CPU.Build.0 = Debug|Any CPU
		{6E0A8350-1AB4-62C7-B4A8-82C5850D74DE}.Release|Any CPU.ActiveCfg = Release|Any CPU
		{6E0A8350-1AB4-62C7-B4A8-82C5850D74DE}.Release|Any CPU.Build.0 = Release|Any CPU
	EndGlobalSection
	GlobalSection(SolutionProperties) = preSolution
		HideSolutionNode = FALSE
	EndGlobalSection
	GlobalSection(ExtensibilityGlobals) = postSolution
		SolutionGuid = {A46CAA1D-D567-4D7D-BF05-A1CA23673752}
	EndGlobalSection
EndGlobal
