
Microsoft Visual Studio Solution File, Format Version 12.00
# Visual Studio Version 17
VisualStudioVersion = 17.5.33530.505
MinimumVisualStudioVersion = 10.0.40219.1
Project("{9A19103F-16F7-4668-BE54-9A1E7A4F7556}") = "AbstractReaderWriter", "ReaderWriter\AbstractReaderWriter\AbstractReaderWriter.csproj", "{40D7E9EB-4BD5-4C1D-AEC9-3352C26F2736}"
EndProject
Project("{9A19103F-16F7-4668-BE54-9A1E7A4F7556}") = "OVFReaderWriter", "ReaderWriter\OVFReaderWriter\OVFReaderWriter.csproj", "{84591F72-41BD-47E9-8616-3F9BE797A78E}"
EndProject
Project("{9A19103F-16F7-4668-BE54-9A1E7A4F7556}") = "UnitTests", "ReaderWriter\UnitTests\UnitTests.csproj", "{A113276D-9052-4E28-A9BD-D9430565A509}"
EndProject
Project("{9A19103F-16F7-4668-BE54-9A1E7A4F7556}") = "FileReaderWriterFactory", "ReaderWriter\FileReaderWriterFactory\FileReaderWriterFactory.csproj", "{2E9E9D8F-80CD-4789-B484-8B2DFF432982}"
EndProject
Project("{9A19103F-16F7-4668-BE54-9A1E7A4F7556}") = "ASPFileReaderWriter", "ReaderWriter\3rdPartyFormatAdapters\ASP\ASPFileReaderWriter\ASPFileReaderWriter.csproj", "{1F2ABF3F-A874-4221-9011-6C5BB9F9E8EB}"
EndProject
Project("{9A19103F-16F7-4668-BE54-9A1E7A4F7556}") = "FileReaderWriterFactoryGRPCWrapper", "ReaderWriter\FileReaderWriterFactoryGRPCWrapper\FileReaderWriterFactoryGRPCWrapper.csproj", "{2D25A68D-39DB-480D-ACC5-0978CD789101}"
EndProject
Project("{9A19103F-16F7-4668-BE54-9A1E7A4F7556}") = "ILTFileReader", "ReaderWriter\3rdPartyFormatAdapters\CLI_ILT\iltFileReader\ILTFileReader.csproj", "{49F81C0B-F5C9-4832-804D-3ACA3863A318}"
EndProject
Project("{9A19103F-16F7-4668-BE54-9A1E7A4F7556}") = "ILTFileReaderInterfaces", "ReaderWriter\3rdPartyFormatAdapters\CLI_ILT\ILTFileReaderInterfaces\ILTFileReaderInterfaces.csproj", "{87F8419C-42A2-4F95-A958-6EB3FBCE5DE1}"
EndProject
Project("{2150E333-8FDC-42A3-9474-1A3956D46DE8}") = "PlausibilityChecker", "PlausibilityChecker", "{E092F444-3D61-4D05-A279-78439ABFE4B6}"
EndProject
Project("{9A19103F-16F7-4668-BE54-9A1E7A4F7556}") = "PlausibilityChecker", "PlausibilityChecker\PlausibilityChecker\PlausibilityChecker.csproj", "{88335417-2DFF-40F6-925A-E8A931794A18}"
EndProject
Project("{9A19103F-16F7-4668-BE54-9A1E7A4F7556}") = "PlausibilityCheckerUnitTests", "PlausibilityChecker\PlausibilityCheckerUnitTests\PlausibilityCheckerUnitTests.csproj", "{386A3DD0-9FD6-42A2-8378-0BB01655B319}"
EndProject
Project("{9A19103F-16F7-4668-BE54-9A1E7A4F7556}") = "OVFDefinition", "ReaderWriter\OVFDefinition\OVFDefinition.csproj", "{1B6C0691-BD38-451B-B1B1-05C7AD68B2F9}"
EndProject
Project("{9A19103F-16F7-4668-BE54-9A1E7A4F7556}") = "ILTFileReaderAdapter", "ReaderWriter\3rdPartyFormatAdapters\CLI_ILT\ILTFileReaderAdapter\ILTFileReaderAdapter.csproj", "{A8731CCB-6DB4-43B3-80ED-09C73991D075}"
EndProject
Project("{2150E333-8FDC-42A3-9474-1A3956D46DE8}") = "ReaderWriter", "ReaderWriter", "{6EA9E843-2975-492E-9708-D9D01BB3CB70}"
EndProject
Project("{2150E333-8FDC-42A3-9474-1A3956D46DE8}") = "CLI_ILT", "CLI_ILT", "{CE9DAE0F-0DDA-481A-9379-EE248BCAD8C0}"
EndProject
Project("{2150E333-8FDC-42A3-9474-1A3956D46DE8}") = "FileReaderWriterFactory", "FileReaderWriterFactory", "{0675AEB6-C16F-4212-A05D-0DEB841BE125}"
EndProject
Project("{9A19103F-16F7-4668-BE54-9A1E7A4F7556}") = "NugetMetaPackage", "NugetMetaPackage\NugetMetaPackage.csproj", "{05D529A1-4F1C-4843-97C1-DE8657A49910}"
EndProject
Project("{9A19103F-16F7-4668-BE54-9A1E7A4F7556}") = "OVFFileConverterGUI", "OVFFileConverterGUI\OVFFileConverterGUI.csproj", "{F6370325-0E67-4992-BCBC-A43389FEFAAA}"
EndProject
Project("{9A19103F-16F7-4668-BE54-9A1E7A4F7556}") = "Streaming", "Streaming\Streaming.csproj", "{53B98E35-F85D-4A8B-B929-7DAB37D362A1}"
EndProject
Project("{9A19103F-16F7-4668-BE54-9A1E7A4F7556}") = "Benchmarks", "Benchmarks\Benchmarks.csproj", "{367575BF-AB6E-4198-829B-5E673A1A3D59}"
EndProject
Project("{9A19103F-16F7-4668-BE54-9A1E7A4F7556}") = "GCodeReaderWriter", "ReaderWriter\3rdPartyFormatAdapters\GCODE\GCodeReaderWriter\GCodeReaderWriter.csproj", "{A689CC4C-38BB-40E3-8445-42660067B078}"
EndProject
Global
	GlobalSection(SolutionConfigurationPlatforms) = preSolution
		Debug|Any CPU = Debug|Any CPU
		Debug|x64 = Debug|x64
		Release|Any CPU = Release|Any CPU
		Release|x64 = Release|x64
	EndGlobalSection
	GlobalSection(ProjectConfigurationPlatforms) = postSolution
		{40D7E9EB-4BD5-4C1D-AEC9-3352C26F2736}.Debug|Any CPU.ActiveCfg = Debug|Any CPU
		{40D7E9EB-4BD5-4C1D-AEC9-3352C26F2736}.Debug|Any CPU.Build.0 = Debug|Any CPU
		{40D7E9EB-4BD5-4C1D-AEC9-3352C26F2736}.Debug|x64.ActiveCfg = Debug|x64
		{40D7E9EB-4BD5-4C1D-AEC9-3352C26F2736}.Debug|x64.Build.0 = Debug|x64
		{40D7E9EB-4BD5-4C1D-AEC9-3352C26F2736}.Release|Any CPU.ActiveCfg = Release|Any CPU
		{40D7E9EB-4BD5-4C1D-AEC9-3352C26F2736}.Release|Any CPU.Build.0 = Release|Any CPU
		{40D7E9EB-4BD5-4C1D-AEC9-3352C26F2736}.Release|x64.ActiveCfg = Release|Any CPU
		{40D7E9EB-4BD5-4C1D-AEC9-3352C26F2736}.Release|x64.Build.0 = Release|Any CPU
		{84591F72-41BD-47E9-8616-3F9BE797A78E}.Debug|Any CPU.ActiveCfg = Debug|Any CPU
		{84591F72-41BD-47E9-8616-3F9BE797A78E}.Debug|Any CPU.Build.0 = Debug|Any CPU
		{84591F72-41BD-47E9-8616-3F9BE797A78E}.Debug|x64.ActiveCfg = Debug|x64
		{84591F72-41BD-47E9-8616-3F9BE797A78E}.Debug|x64.Build.0 = Debug|x64
		{84591F72-41BD-47E9-8616-3F9BE797A78E}.Release|Any CPU.ActiveCfg = Release|Any CPU
		{84591F72-41BD-47E9-8616-3F9BE797A78E}.Release|Any CPU.Build.0 = Release|Any CPU
		{84591F72-41BD-47E9-8616-3F9BE797A78E}.Release|x64.ActiveCfg = Release|Any CPU
		{84591F72-41BD-47E9-8616-3F9BE797A78E}.Release|x64.Build.0 = Release|Any CPU
		{A113276D-9052-4E28-A9BD-D9430565A509}.Debug|Any CPU.ActiveCfg = Debug|Any CPU
		{A113276D-9052-4E28-A9BD-D9430565A509}.Debug|Any CPU.Build.0 = Debug|Any CPU
		{A113276D-9052-4E28-A9BD-D9430565A509}.Debug|x64.ActiveCfg = Debug|Any CPU
		{A113276D-9052-4E28-A9BD-D9430565A509}.Debug|x64.Build.0 = Debug|Any CPU
		{A113276D-9052-4E28-A9BD-D9430565A509}.Release|Any CPU.ActiveCfg = Release|Any CPU
		{A113276D-9052-4E28-A9BD-D9430565A509}.Release|Any CPU.Build.0 = Release|Any CPU
		{A113276D-9052-4E28-A9BD-D9430565A509}.Release|x64.ActiveCfg = Release|Any CPU
		{A113276D-9052-4E28-A9BD-D9430565A509}.Release|x64.Build.0 = Release|Any CPU
		{2E9E9D8F-80CD-4789-B484-8B2DFF432982}.Debug|Any CPU.ActiveCfg = Debug|Any CPU
		{2E9E9D8F-80CD-4789-B484-8B2DFF432982}.Debug|Any CPU.Build.0 = Debug|Any CPU
		{2E9E9D8F-80CD-4789-B484-8B2DFF432982}.Debug|x64.ActiveCfg = Debug|x64
		{2E9E9D8F-80CD-4789-B484-8B2DFF432982}.Debug|x64.Build.0 = Debug|x64
		{2E9E9D8F-80CD-4789-B484-8B2DFF432982}.Release|Any CPU.ActiveCfg = Release|Any CPU
		{2E9E9D8F-80CD-4789-B484-8B2DFF432982}.Release|Any CPU.Build.0 = Release|Any CPU
		{2E9E9D8F-80CD-4789-B484-8B2DFF432982}.Release|x64.ActiveCfg = Release|Any CPU
		{2E9E9D8F-80CD-4789-B484-8B2DFF432982}.Release|x64.Build.0 = Release|Any CPU
		{1F2ABF3F-A874-4221-9011-6C5BB9F9E8EB}.Debug|Any CPU.ActiveCfg = Debug|Any CPU
		{1F2ABF3F-A874-4221-9011-6C5BB9F9E8EB}.Debug|Any CPU.Build.0 = Debug|Any CPU
		{1F2ABF3F-A874-4221-9011-6C5BB9F9E8EB}.Debug|x64.ActiveCfg = Debug|x64
		{1F2ABF3F-A874-4221-9011-6C5BB9F9E8EB}.Debug|x64.Build.0 = Debug|x64
		{1F2ABF3F-A874-4221-9011-6C5BB9F9E8EB}.Release|Any CPU.ActiveCfg = Release|Any CPU
		{1F2ABF3F-A874-4221-9011-6C5BB9F9E8EB}.Release|Any CPU.Build.0 = Release|Any CPU
		{1F2ABF3F-A874-4221-9011-6C5BB9F9E8EB}.Release|x64.ActiveCfg = Release|Any CPU
		{1F2ABF3F-A874-4221-9011-6C5BB9F9E8EB}.Release|x64.Build.0 = Release|Any CPU
		{2D25A68D-39DB-480D-ACC5-0978CD789101}.Debug|Any CPU.ActiveCfg = Debug|Any CPU
		{2D25A68D-39DB-480D-ACC5-0978CD789101}.Debug|Any CPU.Build.0 = Debug|Any CPU
		{2D25A68D-39DB-480D-ACC5-0978CD789101}.Debug|x64.ActiveCfg = Debug|Any CPU
		{2D25A68D-39DB-480D-ACC5-0978CD789101}.Debug|x64.Build.0 = Debug|Any CPU
		{2D25A68D-39DB-480D-ACC5-0978CD789101}.Release|Any CPU.ActiveCfg = Release|Any CPU
		{2D25A68D-39DB-480D-ACC5-0978CD789101}.Release|Any CPU.Build.0 = Release|Any CPU
		{2D25A68D-39DB-480D-ACC5-0978CD789101}.Release|x64.ActiveCfg = Release|Any CPU
		{2D25A68D-39DB-480D-ACC5-0978CD789101}.Release|x64.Build.0 = Release|Any CPU
		{49F81C0B-F5C9-4832-804D-3ACA3863A318}.Debug|Any CPU.ActiveCfg = Debug|Any CPU
		{49F81C0B-F5C9-4832-804D-3ACA3863A318}.Debug|Any CPU.Build.0 = Debug|Any CPU
		{49F81C0B-F5C9-4832-804D-3ACA3863A318}.Debug|x64.ActiveCfg = Debug|x64
		{49F81C0B-F5C9-4832-804D-3ACA3863A318}.Debug|x64.Build.0 = Debug|x64
		{49F81C0B-F5C9-4832-804D-3ACA3863A318}.Release|Any CPU.ActiveCfg = Release|Any CPU
		{49F81C0B-F5C9-4832-804D-3ACA3863A318}.Release|Any CPU.Build.0 = Release|Any CPU
		{49F81C0B-F5C9-4832-804D-3ACA3863A318}.Release|x64.ActiveCfg = Release|x64
		{49F81C0B-F5C9-4832-804D-3ACA3863A318}.Release|x64.Build.0 = Release|x64
		{87F8419C-42A2-4F95-A958-6EB3FBCE5DE1}.Debug|Any CPU.ActiveCfg = Debug|Any CPU
		{87F8419C-42A2-4F95-A958-6EB3FBCE5DE1}.Debug|Any CPU.Build.0 = Debug|Any CPU
		{87F8419C-42A2-4F95-A958-6EB3FBCE5DE1}.Debug|x64.ActiveCfg = Debug|x64
		{87F8419C-42A2-4F95-A958-6EB3FBCE5DE1}.Debug|x64.Build.0 = Debug|x64
		{87F8419C-42A2-4F95-A958-6EB3FBCE5DE1}.Release|Any CPU.ActiveCfg = Release|Any CPU
		{87F8419C-42A2-4F95-A958-6EB3FBCE5DE1}.Release|Any CPU.Build.0 = Release|Any CPU
		{87F8419C-42A2-4F95-A958-6EB3FBCE5DE1}.Release|x64.ActiveCfg = Release|x64
		{87F8419C-42A2-4F95-A958-6EB3FBCE5DE1}.Release|x64.Build.0 = Release|x64
		{88335417-2DFF-40F6-925A-E8A931794A18}.Debug|Any CPU.ActiveCfg = Debug|Any CPU
		{88335417-2DFF-40F6-925A-E8A931794A18}.Debug|Any CPU.Build.0 = Debug|Any CPU
		{88335417-2DFF-40F6-925A-E8A931794A18}.Debug|x64.ActiveCfg = Debug|Any CPU
		{88335417-2DFF-40F6-925A-E8A931794A18}.Debug|x64.Build.0 = Debug|Any CPU
		{88335417-2DFF-40F6-925A-E8A931794A18}.Release|Any CPU.ActiveCfg = Release|Any CPU
		{88335417-2DFF-40F6-925A-E8A931794A18}.Release|Any CPU.Build.0 = Release|Any CPU
		{88335417-2DFF-40F6-925A-E8A931794A18}.Release|x64.ActiveCfg = Release|Any CPU
		{88335417-2DFF-40F6-925A-E8A931794A18}.Release|x64.Build.0 = Release|Any CPU
		{386A3DD0-9FD6-42A2-8378-0BB01655B319}.Debug|Any CPU.ActiveCfg = Debug|Any CPU
		{386A3DD0-9FD6-42A2-8378-0BB01655B319}.Debug|Any CPU.Build.0 = Debug|Any CPU
		{386A3DD0-9FD6-42A2-8378-0BB01655B319}.Debug|x64.ActiveCfg = Debug|Any CPU
		{386A3DD0-9FD6-42A2-8378-0BB01655B319}.Debug|x64.Build.0 = Debug|Any CPU
		{386A3DD0-9FD6-42A2-8378-0BB01655B319}.Release|Any CPU.ActiveCfg = Release|Any CPU
		{386A3DD0-9FD6-42A2-8378-0BB01655B319}.Release|Any CPU.Build.0 = Release|Any CPU
		{386A3DD0-9FD6-42A2-8378-0BB01655B319}.Release|x64.ActiveCfg = Release|Any CPU
		{386A3DD0-9FD6-42A2-8378-0BB01655B319}.Release|x64.Build.0 = Release|Any CPU
		{1B6C0691-BD38-451B-B1B1-05C7AD68B2F9}.Debug|Any CPU.ActiveCfg = Debug|Any CPU
		{1B6C0691-BD38-451B-B1B1-05C7AD68B2F9}.Debug|Any CPU.Build.0 = Debug|Any CPU
		{1B6C0691-BD38-451B-B1B1-05C7AD68B2F9}.Debug|x64.ActiveCfg = Debug|Any CPU
		{1B6C0691-BD38-451B-B1B1-05C7AD68B2F9}.Debug|x64.Build.0 = Debug|Any CPU
		{1B6C0691-BD38-451B-B1B1-05C7AD68B2F9}.Release|Any CPU.ActiveCfg = Release|Any CPU
		{1B6C0691-BD38-451B-B1B1-05C7AD68B2F9}.Release|Any CPU.Build.0 = Release|Any CPU
		{1B6C0691-BD38-451B-B1B1-05C7AD68B2F9}.Release|x64.ActiveCfg = Release|Any CPU
		{1B6C0691-BD38-451B-B1B1-05C7AD68B2F9}.Release|x64.Build.0 = Release|Any CPU
		{A8731CCB-6DB4-43B3-80ED-09C73991D075}.Debug|Any CPU.ActiveCfg = Debug|Any CPU
		{A8731CCB-6DB4-43B3-80ED-09C73991D075}.Debug|Any CPU.Build.0 = Debug|Any CPU
		{A8731CCB-6DB4-43B3-80ED-09C73991D075}.Debug|x64.ActiveCfg = Debug|x64
		{A8731CCB-6DB4-43B3-80ED-09C73991D075}.Debug|x64.Build.0 = Debug|x64
		{A8731CCB-6DB4-43B3-80ED-09C73991D075}.Release|Any CPU.ActiveCfg = Release|Any CPU
		{A8731CCB-6DB4-43B3-80ED-09C73991D075}.Release|Any CPU.Build.0 = Release|Any CPU
		{A8731CCB-6DB4-43B3-80ED-09C73991D075}.Release|x64.ActiveCfg = Release|x64
		{A8731CCB-6DB4-43B3-80ED-09C73991D075}.Release|x64.Build.0 = Release|x64
		{05D529A1-4F1C-4843-97C1-DE8657A49910}.Debug|Any CPU.ActiveCfg = Debug|Any CPU
		{05D529A1-4F1C-4843-97C1-DE8657A49910}.Debug|Any CPU.Build.0 = Debug|Any CPU
		{05D529A1-4F1C-4843-97C1-DE8657A49910}.Debug|x64.ActiveCfg = Debug|Any CPU
		{05D529A1-4F1C-4843-97C1-DE8657A49910}.Debug|x64.Build.0 = Debug|Any CPU
		{05D529A1-4F1C-4843-97C1-DE8657A49910}.Release|Any CPU.ActiveCfg = Release|Any CPU
		{05D529A1-4F1C-4843-97C1-DE8657A49910}.Release|Any CPU.Build.0 = Release|Any CPU
		{05D529A1-4F1C-4843-97C1-DE8657A49910}.Release|x64.ActiveCfg = Release|Any CPU
		{05D529A1-4F1C-4843-97C1-DE8657A49910}.Release|x64.Build.0 = Release|Any CPU
		{F6370325-0E67-4992-BCBC-A43389FEFAAA}.Debug|Any CPU.ActiveCfg = Debug|Any CPU
		{F6370325-0E67-4992-BCBC-A43389FEFAAA}.Debug|Any CPU.Build.0 = Debug|Any CPU
		{F6370325-0E67-4992-BCBC-A43389FEFAAA}.Debug|x64.ActiveCfg = Debug|Any CPU
		{F6370325-0E67-4992-BCBC-A43389FEFAAA}.Debug|x64.Build.0 = Debug|Any CPU
		{F6370325-0E67-4992-BCBC-A43389FEFAAA}.Release|Any CPU.ActiveCfg = Release|Any CPU
		{F6370325-0E67-4992-BCBC-A43389FEFAAA}.Release|Any CPU.Build.0 = Release|Any CPU
		{F6370325-0E67-4992-BCBC-A43389FEFAAA}.Release|x64.ActiveCfg = Release|Any CPU
		{F6370325-0E67-4992-BCBC-A43389FEFAAA}.Release|x64.Build.0 = Release|Any CPU
		{53B98E35-F85D-4A8B-B929-7DAB37D362A1}.Debug|Any CPU.ActiveCfg = Debug|Any CPU
		{53B98E35-F85D-4A8B-B929-7DAB37D362A1}.Debug|Any CPU.Build.0 = Debug|Any CPU
		{53B98E35-F85D-4A8B-B929-7DAB37D362A1}.Debug|x64.ActiveCfg = Debug|Any CPU
		{53B98E35-F85D-4A8B-B929-7DAB37D362A1}.Debug|x64.Build.0 = Debug|Any CPU
		{53B98E35-F85D-4A8B-B929-7DAB37D362A1}.Release|Any CPU.ActiveCfg = Release|Any CPU
		{53B98E35-F85D-4A8B-B929-7DAB37D362A1}.Release|Any CPU.Build.0 = Release|Any CPU
		{53B98E35-F85D-4A8B-B929-7DAB37D362A1}.Release|x64.ActiveCfg = Release|Any CPU
		{53B98E35-F85D-4A8B-B929-7DAB37D362A1}.Release|x64.Build.0 = Release|Any CPU
		{367575BF-AB6E-4198-829B-5E673A1A3D59}.Debug|Any CPU.ActiveCfg = Debug|Any CPU
		{367575BF-AB6E-4198-829B-5E673A1A3D59}.Debug|Any CPU.Build.0 = Debug|Any CPU
		{367575BF-AB6E-4198-829B-5E673A1A3D59}.Debug|x64.ActiveCfg = Debug|x64
		{367575BF-AB6E-4198-829B-5E673A1A3D59}.Debug|x64.Build.0 = Debug|x64
		{367575BF-AB6E-4198-829B-5E673A1A3D59}.Release|Any CPU.ActiveCfg = Release|Any CPU
		{367575BF-AB6E-4198-829B-5E673A1A3D59}.Release|Any CPU.Build.0 = Release|Any CPU
		{367575BF-AB6E-4198-829B-5E673A1A3D59}.Release|x64.ActiveCfg = Release|x64
		{367575BF-AB6E-4198-829B-5E673A1A3D59}.Release|x64.Build.0 = Release|x64
		{A689CC4C-38BB-40E3-8445-42660067B078}.Debug|Any CPU.ActiveCfg = Debug|Any CPU
		{A689CC4C-38BB-40E3-8445-42660067B078}.Debug|Any CPU.Build.0 = Debug|Any CPU
		{A689CC4C-38BB-40E3-8445-42660067B078}.Debug|x64.ActiveCfg = Debug|Any CPU
		{A689CC4C-38BB-40E3-8445-42660067B078}.Debug|x64.Build.0 = Debug|Any CPU
		{A689CC4C-38BB-40E3-8445-42660067B078}.Release|Any CPU.ActiveCfg = Release|Any CPU
		{A689CC4C-38BB-40E3-8445-42660067B078}.Release|Any CPU.Build.0 = Release|Any CPU
		{A689CC4C-38BB-40E3-8445-42660067B078}.Release|x64.ActiveCfg = Release|Any CPU
		{A689CC4C-38BB-40E3-8445-42660067B078}.Release|x64.Build.0 = Release|Any CPU
	EndGlobalSection
	GlobalSection(SolutionProperties) = preSolution
		HideSolutionNode = FALSE
	EndGlobalSection
	GlobalSection(NestedProjects) = preSolution
		{40D7E9EB-4BD5-4C1D-AEC9-3352C26F2736} = {6EA9E843-2975-492E-9708-D9D01BB3CB70}
		{84591F72-41BD-47E9-8616-3F9BE797A78E} = {6EA9E843-2975-492E-9708-D9D01BB3CB70}
		{A113276D-9052-4E28-A9BD-D9430565A509} = {6EA9E843-2975-492E-9708-D9D01BB3CB70}
		{2E9E9D8F-80CD-4789-B484-8B2DFF432982} = {0675AEB6-C16F-4212-A05D-0DEB841BE125}
		{1F2ABF3F-A874-4221-9011-6C5BB9F9E8EB} = {6EA9E843-2975-492E-9708-D9D01BB3CB70}
		{2D25A68D-39DB-480D-ACC5-0978CD789101} = {0675AEB6-C16F-4212-A05D-0DEB841BE125}
		{49F81C0B-F5C9-4832-804D-3ACA3863A318} = {CE9DAE0F-0DDA-481A-9379-EE248BCAD8C0}
		{87F8419C-42A2-4F95-A958-6EB3FBCE5DE1} = {CE9DAE0F-0DDA-481A-9379-EE248BCAD8C0}
		{88335417-2DFF-40F6-925A-E8A931794A18} = {E092F444-3D61-4D05-A279-78439ABFE4B6}
		{386A3DD0-9FD6-42A2-8378-0BB01655B319} = {E092F444-3D61-4D05-A279-78439ABFE4B6}
		{1B6C0691-BD38-451B-B1B1-05C7AD68B2F9} = {6EA9E843-2975-492E-9708-D9D01BB3CB70}
		{A8731CCB-6DB4-43B3-80ED-09C73991D075} = {CE9DAE0F-0DDA-481A-9379-EE248BCAD8C0}
		{CE9DAE0F-0DDA-481A-9379-EE248BCAD8C0} = {6EA9E843-2975-492E-9708-D9D01BB3CB70}
		{0675AEB6-C16F-4212-A05D-0DEB841BE125} = {6EA9E843-2975-492E-9708-D9D01BB3CB70}
		{F6370325-0E67-4992-BCBC-A43389FEFAAA} = {0675AEB6-C16F-4212-A05D-0DEB841BE125}
		{53B98E35-F85D-4A8B-B929-7DAB37D362A1} = {6EA9E843-2975-492E-9708-D9D01BB3CB70}
		{A689CC4C-38BB-40E3-8445-42660067B078} = {6EA9E843-2975-492E-9708-D9D01BB3CB70}
	EndGlobalSection
	GlobalSection(ExtensibilityGlobals) = postSolution
		SolutionGuid = {81069E5C-493A-4E13-A016-D655D9189166}
	EndGlobalSection
EndGlobal
